
Microsoft Visual Studio Solution File, Format Version 12.00
# Visual Studio Version 17
VisualStudioVersion = 17.1.32210.238
MinimumVisualStudioVersion = 10.0.40219.1
Project("{FAE04EC0-301F-11D3-BF4B-00C04F79EFBC}") = "EmployeeLMS", "EmployeeLMS\EmployeeLMS.csproj", "{12AD1747-8DC1-4B69-BFAB-E2C2BACF8D87}"
EndProject
Project("{FAE04EC0-301F-11D3-BF4B-00C04F79EFBC}") = "LMS_ServiceLayer", "EmployeeListLayer\LMS_ServiceLayer.csproj", "{F5743A95-F5B4-481A-9E8C-244B1CE3CC78}"
EndProject
Project("{FAE04EC0-301F-11D3-BF4B-00C04F79EFBC}") = "LMS_RepositoryLayer", "LeaveTypesLayer\LMS_RepositoryLayer.csproj", "{D57013F6-00D7-47D7-ADA8-4F4A6672A5A5}"
EndProject
Project("{FAE04EC0-301F-11D3-BF4B-00C04F79EFBC}") = "LMS_DomainLayer", "LeaveBalanceLayer\LMS_DomainLayer.csproj", "{45BF3CDA-0A0E-4190-9EAD-07EE1E3B0B9F}"
EndProject
Project("{FAE04EC0-301F-11D3-BF4B-00C04F79EFBC}") = "demo", "demo\demo.csproj", "{8A788105-580C-4961-82F9-1E8294E58DD9}"
EndProject
Global
	GlobalSection(SolutionConfigurationPlatforms) = preSolution
		Debug|Any CPU = Debug|Any CPU
		Release|Any CPU = Release|Any CPU
	EndGlobalSection
	GlobalSection(ProjectConfigurationPlatforms) = postSolution
		{12AD1747-8DC1-4B69-BFAB-E2C2BACF8D87}.Debug|Any CPU.ActiveCfg = Debug|Any CPU
		{12AD1747-8DC1-4B69-BFAB-E2C2BACF8D87}.Debug|Any CPU.Build.0 = Debug|Any CPU
		{12AD1747-8DC1-4B69-BFAB-E2C2BACF8D87}.Release|Any CPU.ActiveCfg = Release|Any CPU
		{12AD1747-8DC1-4B69-BFAB-E2C2BACF8D87}.Release|Any CPU.Build.0 = Release|Any CPU
		{F5743A95-F5B4-481A-9E8C-244B1CE3CC78}.Debug|Any CPU.ActiveCfg = Debug|Any CPU
		{F5743A95-F5B4-481A-9E8C-244B1CE3CC78}.Debug|Any CPU.Build.0 = Debug|Any CPU
		{F5743A95-F5B4-481A-9E8C-244B1CE3CC78}.Release|Any CPU.ActiveCfg = Release|Any CPU
		{F5743A95-F5B4-481A-9E8C-244B1CE3CC78}.Release|Any CPU.Build.0 = Release|Any CPU
		{D57013F6-00D7-47D7-ADA8-4F4A6672A5A5}.Debug|Any CPU.ActiveCfg = Debug|Any CPU
		{D57013F6-00D7-47D7-ADA8-4F4A6672A5A5}.Debug|Any CPU.Build.0 = Debug|Any CPU
		{D57013F6-00D7-47D7-ADA8-4F4A6672A5A5}.Release|Any CPU.ActiveCfg = Release|Any CPU
		{D57013F6-00D7-47D7-ADA8-4F4A6672A5A5}.Release|Any CPU.Build.0 = Release|Any CPU
		{45BF3CDA-0A0E-4190-9EAD-07EE1E3B0B9F}.Debug|Any CPU.ActiveCfg = Debug|Any CPU
		{45BF3CDA-0A0E-4190-9EAD-07EE1E3B0B9F}.Debug|Any CPU.Build.0 = Debug|Any CPU
		{45BF3CDA-0A0E-4190-9EAD-07EE1E3B0B9F}.Release|Any CPU.ActiveCfg = Release|Any CPU
		{45BF3CDA-0A0E-4190-9EAD-07EE1E3B0B9F}.Release|Any CPU.Build.0 = Release|Any CPU
		{8A788105-580C-4961-82F9-1E8294E58DD9}.Debug|Any CPU.ActiveCfg = Debug|Any CPU
		{8A788105-580C-4961-82F9-1E8294E58DD9}.Debug|Any CPU.Build.0 = Debug|Any CPU
		{8A788105-580C-4961-82F9-1E8294E58DD9}.Release|Any CPU.ActiveCfg = Release|Any CPU
		{8A788105-580C-4961-82F9-1E8294E58DD9}.Release|Any CPU.Build.0 = Release|Any CPU
	EndGlobalSection
	GlobalSection(SolutionProperties) = preSolution
		HideSolutionNode = FALSE
	EndGlobalSection
	GlobalSection(ExtensibilityGlobals) = postSolution
		SolutionGuid = {B679B277-5497-4270-BFB4-ED9460A3DBDA}
	EndGlobalSection
EndGlobal
